<Solution>
  <Folder Name="/src/">
    <Project Path="src/FLPQ.Languages/FLPQ.Languages.fsproj" />
    <Project Path="src/FLPQ.LinearAlgebra/FLPQ.LinearAlgebra.fsproj" />
    <Project Path="src/FLPQ.GraphAnalysis/FLPQ.GraphAnalysis.fsproj" />
    <Project Path="src/FLPQ.RPQ/FLPQ.RPQ.fsproj" />
  </Folder>
  <Folder Name="/tests/">
    <Project Path="tests/FLPQ.Languages.Tests/FLPQ.Languages.Tests.fsproj" />
    <Project Path="tests/FLPQ.LinearAlgebra.Tests/FLPQ.LinearAlgebra.Tests.fsproj" />
    <Project Path="tests/FLPQ.GraphAnalysis.Tests/FLPQ.GraphAnalysis.Tests.fsproj" />
    <Project Path="tests/FLPQ.RPQ.Tests/FLPQ.RPQ.Tests.fsproj" />
  </Folder>
</Solution>
